
Microsoft Visual Studio Solution File, Format Version 12.00
# Visual Studio Version 16
VisualStudioVersion = 16.0.30413.136
MinimumVisualStudioVersion = 10.0.40219.1
Project("{FAE04EC0-301F-11D3-BF4B-00C04F79EFBC}") = "Task1", "Task1\Task1.csproj", "{68BAA9F7-5B59-4E5D-B695-FC6C335D4367}"
EndProject
Project("{FAE04EC0-301F-11D3-BF4B-00C04F79EFBC}") = "ImageRecognitionLibrary", "ImageRecognitionLibrary\ImageRecognitionLibrary.csproj", "{B2C2CDAE-EE06-4A86-943C-220EA5616053}"
EndProject
Global
	GlobalSection(SolutionConfigurationPlatforms) = preSolution
		Debug|Any CPU = Debug|Any CPU
		Release|Any CPU = Release|Any CPU
	EndGlobalSection
	GlobalSection(ProjectConfigurationPlatforms) = postSolution
		{68BAA9F7-5B59-4E5D-B695-FC6C335D4367}.Debug|Any CPU.ActiveCfg = Debug|Any CPU
		{68BAA9F7-5B59-4E5D-B695-FC6C335D4367}.Debug|Any CPU.Build.0 = Debug|Any CPU
		{68BAA9F7-5B59-4E5D-B695-FC6C335D4367}.Release|Any CPU.ActiveCfg = Release|Any CPU
		{68BAA9F7-5B59-4E5D-B695-FC6C335D4367}.Release|Any CPU.Build.0 = Release|Any CPU
		{B2C2CDAE-EE06-4A86-943C-220EA5616053}.Debug|Any CPU.ActiveCfg = Debug|Any CPU
		{B2C2CDAE-EE06-4A86-943C-220EA5616053}.Debug|Any CPU.Build.0 = Debug|Any CPU
		{B2C2CDAE-EE06-4A86-943C-220EA5616053}.Release|Any CPU.ActiveCfg = Release|Any CPU
		{B2C2CDAE-EE06-4A86-943C-220EA5616053}.Release|Any CPU.Build.0 = Release|Any CPU
	EndGlobalSection
	GlobalSection(SolutionProperties) = preSolution
		HideSolutionNode = FALSE
	EndGlobalSection
	GlobalSection(ExtensibilityGlobals) = postSolution
		SolutionGuid = {36D50811-A6F2-4A90-8A54-2828CCAECF4B}
	EndGlobalSection
EndGlobal
