
Microsoft Visual Studio Solution File, Format Version 12.00
# Visual Studio Version 16
VisualStudioVersion = 16.0.30413.136
MinimumVisualStudioVersion = 10.0.40219.1
Project("{9A19103F-16F7-4668-BE54-9A1E7A4F7556}") = "Task2", "Task2\Task2.csproj", "{942ADBD9-9CFC-4E35-B148-061232B51614}"
EndProject
Project("{9A19103F-16F7-4668-BE54-9A1E7A4F7556}") = "ImageRecognitionLibrary", "..\Task1\ImageRecognitionLibrary\ImageRecognitionLibrary.csproj", "{82318850-89B4-4308-8CD2-DBF0E501C8D9}"
EndProject
Global
	GlobalSection(SolutionConfigurationPlatforms) = preSolution
		Debug|Any CPU = Debug|Any CPU
		Release|Any CPU = Release|Any CPU
	EndGlobalSection
	GlobalSection(ProjectConfigurationPlatforms) = postSolution
		{942ADBD9-9CFC-4E35-B148-061232B51614}.Debug|Any CPU.ActiveCfg = Debug|Any CPU
		{942ADBD9-9CFC-4E35-B148-061232B51614}.Debug|Any CPU.Build.0 = Debug|Any CPU
		{942ADBD9-9CFC-4E35-B148-061232B51614}.Release|Any CPU.ActiveCfg = Release|Any CPU
		{942ADBD9-9CFC-4E35-B148-061232B51614}.Release|Any CPU.Build.0 = Release|Any CPU
		{82318850-89B4-4308-8CD2-DBF0E501C8D9}.Debug|Any CPU.ActiveCfg = Debug|Any CPU
		{82318850-89B4-4308-8CD2-DBF0E501C8D9}.Debug|Any CPU.Build.0 = Debug|Any CPU
		{82318850-89B4-4308-8CD2-DBF0E501C8D9}.Release|Any CPU.ActiveCfg = Release|Any CPU
		{82318850-89B4-4308-8CD2-DBF0E501C8D9}.Release|Any CPU.Build.0 = Release|Any CPU
	EndGlobalSection
	GlobalSection(SolutionProperties) = preSolution
		HideSolutionNode = FALSE
	EndGlobalSection
	GlobalSection(ExtensibilityGlobals) = postSolution
		SolutionGuid = {F280CC14-2EBB-413B-AC11-2403DD5747FA}
	EndGlobalSection
EndGlobal
